// !$*UTF8*$!
{
	archiveVersion = 1;
	classes = {
	};
	objectVersion = 46;
	objects = {

/* Begin PBXBuildFile section */
		EED818211B0DB694008F15FE /* main.m in Sources */ = {isa = PBXBuildFile; fileRef = EED818201B0DB694008F15FE /* main.m */; };
		EED818241B0DB694008F15FE /* AppDelegate.m in Sources */ = {isa = PBXBuildFile; fileRef = EED818231B0DB694008F15FE /* AppDelegate.m */; };
		EED8182A1B0DB694008F15FE /* Main.storyboard in Resources */ = {isa = PBXBuildFile; fileRef = EED818281B0DB694008F15FE /* Main.storyboard */; };
		EED8182C1B0DB694008F15FE /* Images.xcassets in Resources */ = {isa = PBXBuildFile; fileRef = EED8182B1B0DB694008F15FE /* Images.xcassets */; };
		EED8182F1B0DB694008F15FE /* LaunchScreen.xib in Resources */ = {isa = PBXBuildFile; fileRef = EED8182D1B0DB694008F15FE /* LaunchScreen.xib */; };
		EED8183B1B0DB694008F15FE /* Tic_Tac_TowTests.m in Sources */ = {isa = PBXBuildFile; fileRef = EED8183A1B0DB694008F15FE /* Tic_Tac_TowTests.m */; };
		EED818461B0DBF5A008F15FE /* WelcomeViewController.m in Sources */ = {isa = PBXBuildFile; fileRef = EED818451B0DBF5A008F15FE /* WelcomeViewController.m */; };
		EED818491B0DCD86008F15FE /* TicTacTowViewController.m in Sources */ = {isa = PBXBuildFile; fileRef = EED818481B0DCD86008F15FE /* TicTacTowViewController.m */; };
/* End PBXBuildFile section */

/* Begin PBXContainerItemProxy section */
		EED818351B0DB694008F15FE /* PBXContainerItemProxy */ = {
			isa = PBXContainerItemProxy;
			containerPortal = EED818131B0DB694008F15FE /* Project object */;
			proxyType = 1;
			remoteGlobalIDString = EED8181A1B0DB694008F15FE;
			remoteInfo = "Tic-Tac-Tow";
		};
/* End PBXContainerItemProxy section */

/* Begin PBXFileReference section */
		EED8181B1B0DB694008F15FE /* Tic-Tac-Tow.app */ = {isa = PBXFileReference; explicitFileType = wrapper.application; includeInIndex = 0; path = "Tic-Tac-Tow.app"; sourceTree = BUILT_PRODUCTS_DIR; };
		EED8181F1B0DB694008F15FE /* Info.plist */ = {isa = PBXFileReference; lastKnownFileType = text.plist.xml; path = Info.plist; sourceTree = "<group>"; };
		EED818201B0DB694008F15FE /* main.m */ = {isa = PBXFileReference; lastKnownFileType = sourcecode.c.objc; path = main.m; sourceTree = "<group>"; };
		EED818221B0DB694008F15FE /* AppDelegate.h */ = {isa = PBXFileReference; lastKnownFileType = sourcecode.c.h; path = AppDelegate.h; sourceTree = "<group>"; };
		EED818231B0DB694008F15FE /* AppDelegate.m */ = {isa = PBXFileReference; lastKnownFileType = sourcecode.c.objc; path = AppDelegate.m; sourceTree = "<group>"; };
		EED818291B0DB694008F15FE /* Base */ = {isa = PBXFileReference; lastKnownFileType = file.storyboard; name = Base; path = Base.lproj/Main.storyboard; sourceTree = "<group>"; };
		EED8182B1B0DB694008F15FE /* Images.xcassets */ = {isa = PBXFileReference; lastKnownFileType = folder.assetcatalog; path = Images.xcassets; sourceTree = "<group>"; };
		EED8182E1B0DB694008F15FE /* Base */ = {isa = PBXFileReference; lastKnownFileType = file.xib; name = Base; path = Base.lproj/LaunchScreen.xib; sourceTree = "<group>"; };
		EED818341B0DB694008F15FE /* Tic-Tac-TowTests.xctest */ = {isa = PBXFileReference; explicitFileType = wrapper.cfbundle; includeInIndex = 0; path = "Tic-Tac-TowTests.xctest"; sourceTree = BUILT_PRODUCTS_DIR; };
		EED818391B0DB694008F15FE /* Info.plist */ = {isa = PBXFileReference; lastKnownFileType = text.plist.xml; path = Info.plist; sourceTree = "<group>"; };
		EED8183A1B0DB694008F15FE /* Tic_Tac_TowTests.m */ = {isa = PBXFileReference; lastKnownFileType = sourcecode.c.objc; path = Tic_Tac_TowTests.m; sourceTree = "<group>"; };
		EED818441B0DBF5A008F15FE /* WelcomeViewController.h */ = {isa = PBXFileReference; fileEncoding = 4; lastKnownFileType = sourcecode.c.h; path = WelcomeViewController.h; sourceTree = "<group>"; };
		EED818451B0DBF5A008F15FE /* WelcomeViewController.m */ = {isa = PBXFileReference; fileEncoding = 4; lastKnownFileType = sourcecode.c.objc; path = WelcomeViewController.m; sourceTree = "<group>"; };
		EED818471B0DCD86008F15FE /* TicTacTowViewController.h */ = {isa = PBXFileReference; fileEncoding = 4; lastKnownFileType = sourcecode.c.h; path = TicTacTowViewController.h; sourceTree = "<group>"; };
		EED818481B0DCD86008F15FE /* TicTacTowViewController.m */ = {isa = PBXFileReference; fileEncoding = 4; lastKnownFileType = sourcecode.c.objc; path = TicTacTowViewController.m; sourceTree = "<group>"; };
/* End PBXFileReference section */

/* Begin PBXFrameworksBuildPhase section */
		EED818181B0DB694008F15FE /* Frameworks */ = {
			isa = PBXFrameworksBuildPhase;
			buildActionMask = 2147483647;
			files = (
			);
			runOnlyForDeploymentPostprocessing = 0;
		};
		EED818311B0DB694008F15FE /* Frameworks */ = {
			isa = PBXFrameworksBuildPhase;
			buildActionMask = 2147483647;
			files = (
			);
			runOnlyForDeploymentPostprocessing = 0;
		};
/* End PBXFrameworksBuildPhase section */

/* Begin PBXGroup section */
		EED818121B0DB694008F15FE = {
			isa = PBXGroup;
			children = (
				EED8181D1B0DB694008F15FE /* Tic-Tac-Tow */,
				EED818371B0DB694008F15FE /* Tic-Tac-TowTests */,
				EED8181C1B0DB694008F15FE /* Products */,
			);
			sourceTree = "<group>";
		};
		EED8181C1B0DB694008F15FE /* Products */ = {
			isa = PBXGroup;
			children = (
				EED8181B1B0DB694008F15FE /* Tic-Tac-Tow.app */,
				EED818341B0DB694008F15FE /* Tic-Tac-TowTests.xctest */,
			);
			name = Products;
			sourceTree = "<group>";
		};
		EED8181D1B0DB694008F15FE /* Tic-Tac-Tow */ = {
			isa = PBXGroup;
			children = (
				EED818441B0DBF5A008F15FE /* WelcomeViewController.h */,
				EED818451B0DBF5A008F15FE /* WelcomeViewController.m */,
				EED818221B0DB694008F15FE /* AppDelegate.h */,
				EED818231B0DB694008F15FE /* AppDelegate.m */,
				EED818281B0DB694008F15FE /* Main.storyboard */,
				EED818471B0DCD86008F15FE /* TicTacTowViewController.h */,
				EED818481B0DCD86008F15FE /* TicTacTowViewController.m */,
				EED8182B1B0DB694008F15FE /* Images.xcassets */,
				EED8182D1B0DB694008F15FE /* LaunchScreen.xib */,
				EED8181E1B0DB694008F15FE /* Supporting Files */,
			);
			path = "Tic-Tac-Tow";
			sourceTree = "<group>";
		};
		EED8181E1B0DB694008F15FE /* Supporting Files */ = {
			isa = PBXGroup;
			children = (
				EED8181F1B0DB694008F15FE /* Info.plist */,
				EED818201B0DB694008F15FE /* main.m */,
			);
			name = "Supporting Files";
			sourceTree = "<group>";
		};
		EED818371B0DB694008F15FE /* Tic-Tac-TowTests */ = {
			isa = PBXGroup;
			children = (
				EED8183A1B0DB694008F15FE /* Tic_Tac_TowTests.m */,
				EED818381B0DB694008F15FE /* Supporting Files */,
			);
			path = "Tic-Tac-TowTests";
			sourceTree = "<group>";
		};
		EED818381B0DB694008F15FE /* Supporting Files */ = {
			isa = PBXGroup;
			children = (
				EED818391B0DB694008F15FE /* Info.plist */,
			);
			name = "Supporting Files";
			sourceTree = "<group>";
		};
/* End PBXGroup section */

/* Begin PBXNativeTarget section */
		EED8181A1B0DB694008F15FE /* Tic-Tac-Tow */ = {
			isa = PBXNativeTarget;
			buildConfigurationList = EED8183E1B0DB694008F15FE /* Build configuration list for PBXNativeTarget "Tic-Tac-Tow" */;
			buildPhases = (
				EED818171B0DB694008F15FE /* Sources */,
				EED818181B0DB694008F15FE /* Frameworks */,
				EED818191B0DB694008F15FE /* Resources */,
			);
			buildRules = (
			);
			dependencies = (
			);
			name = "Tic-Tac-Tow";
			productName = "Tic-Tac-Tow";
			productReference = EED8181B1B0DB694008F15FE /* Tic-Tac-Tow.app */;
			productType = "com.apple.product-type.application";
		};
		EED818331B0DB694008F15FE /* Tic-Tac-TowTests */ = {
			isa = PBXNativeTarget;
			buildConfigurationList = EED818411B0DB694008F15FE /* Build configuration list for PBXNativeTarget "Tic-Tac-TowTests" */;
			buildPhases = (
				EED818301B0DB694008F15FE /* Sources */,
				EED818311B0DB694008F15FE /* Frameworks */,
				EED818321B0DB694008F15FE /* Resources */,
			);
			buildRules = (
			);
			dependencies = (
				EED818361B0DB694008F15FE /* PBXTargetDependency */,
			);
			name = "Tic-Tac-TowTests";
			productName = "Tic-Tac-TowTests";
			productReference = EED818341B0DB694008F15FE /* Tic-Tac-TowTests.xctest */;
			productType = "com.apple.product-type.bundle.unit-test";
		};
/* End PBXNativeTarget section */

/* Begin PBXProject section */
		EED818131B0DB694008F15FE /* Project object */ = {
			isa = PBXProject;
			attributes = {
				LastUpgradeCheck = 0630;
				ORGANIZATIONNAME = thoughtworks;
				TargetAttributes = {
					EED8181A1B0DB694008F15FE = {
						CreatedOnToolsVersion = 6.3;
					};
					EED818331B0DB694008F15FE = {
						CreatedOnToolsVersion = 6.3;
						TestTargetID = EED8181A1B0DB694008F15FE;
					};
				};
			};
			buildConfigurationList = EED818161B0DB694008F15FE /* Build configuration list for PBXProject "Tic-Tac-Tow" */;
			compatibilityVersion = "Xcode 3.2";
			developmentRegion = English;
			hasScannedForEncodings = 0;
			knownRegions = (
				en,
				Base,
			);
			mainGroup = EED818121B0DB694008F15FE;
			productRefGroup = EED8181C1B0DB694008F15FE /* Products */;
			projectDirPath = "";
			projectRoot = "";
			targets = (
				EED8181A1B0DB694008F15FE /* Tic-Tac-Tow */,
				EED818331B0DB694008F15FE /* Tic-Tac-TowTests */,
			);
		};
/* End PBXProject section */

/* Begin PBXResourcesBuildPhase section */
		EED818191B0DB694008F15FE /* Resources */ = {
			isa = PBXResourcesBuildPhase;
			buildActionMask = 2147483647;
			files = (
				EED8182A1B0DB694008F15FE /* Main.storyboard in Resources */,
				EED8182F1B0DB694008F15FE /* LaunchScreen.xib in Resources */,
				EED8182C1B0DB694008F15FE /* Images.xcassets in Resources */,
			);
			runOnlyForDeploymentPostprocessing = 0;
		};
		EED818321B0DB694008F15FE /* Resources */ = {
			isa = PBXResourcesBuildPhase;
			buildActionMask = 2147483647;
			files = (
			);
			runOnlyForDeploymentPostprocessing = 0;
		};
/* End PBXResourcesBuildPhase section */

/* Begin PBXSourcesBuildPhase section */
		EED818171B0DB694008F15FE /* Sources */ = {
			isa = PBXSourcesBuildPhase;
			buildActionMask = 2147483647;
			files = (
				EED818241B0DB694008F15FE /* AppDelegate.m in Sources */,
				EED818491B0DCD86008F15FE /* TicTacTowViewController.m in Sources */,
				EED818211B0DB694008F15FE /* main.m in Sources */,
				EED818461B0DBF5A008F15FE /* WelcomeViewController.m in Sources */,
			);
			runOnlyForDeploymentPostprocessing = 0;
		};
		EED818301B0DB694008F15FE /* Sources */ = {
			isa = PBXSourcesBuildPhase;
			buildActionMask = 2147483647;
			files = (
				EED8183B1B0DB694008F15FE /* Tic_Tac_TowTests.m in Sources */,
			);
			runOnlyForDeploymentPostprocessing = 0;
		};
/* End PBXSourcesBuildPhase section */

/* Begin PBXTargetDependency section */
		EED818361B0DB694008F15FE /* PBXTargetDependency */ = {
			isa = PBXTargetDependency;
			target = EED8181A1B0DB694008F15FE /* Tic-Tac-Tow */;
			targetProxy = EED818351B0DB694008F15FE /* PBXContainerItemProxy */;
		};
/* End PBXTargetDependency section */

/* Begin PBXVariantGroup section */
		EED818281B0DB694008F15FE /* Main.storyboard */ = {
			isa = PBXVariantGroup;
			children = (
				EED818291B0DB694008F15FE /* Base */,
			);
			name = Main.storyboard;
			sourceTree = "<group>";
		};
		EED8182D1B0DB694008F15FE /* LaunchScreen.xib */ = {
			isa = PBXVariantGroup;
			children = (
				EED8182E1B0DB694008F15FE /* Base */,
			);
			name = LaunchScreen.xib;
			sourceTree = "<group>";
		};
/* End PBXVariantGroup section */

/* Begin XCBuildConfiguration section */
		EED8183C1B0DB694008F15FE /* Debug */ = {
			isa = XCBuildConfiguration;
			buildSettings = {
				ALWAYS_SEARCH_USER_PATHS = NO;
				CLANG_CXX_LANGUAGE_STANDARD = "gnu++0x";
				CLANG_CXX_LIBRARY = "libc++";
				CLANG_ENABLE_MODULES = YES;
				CLANG_ENABLE_OBJC_ARC = YES;
				CLANG_WARN_BOOL_CONVERSION = YES;
				CLANG_WARN_CONSTANT_CONVERSION = YES;
				CLANG_WARN_DIRECT_OBJC_ISA_USAGE = YES_ERROR;
				CLANG_WARN_EMPTY_BODY = YES;
				CLANG_WARN_ENUM_CONVERSION = YES;
				CLANG_WARN_INT_CONVERSION = YES;
				CLANG_WARN_OBJC_ROOT_CLASS = YES_ERROR;
				CLANG_WARN_UNREACHABLE_CODE = YES;
				CLANG_WARN__DUPLICATE_METHOD_MATCH = YES;
				"CODE_SIGN_IDENTITY[sdk=iphoneos*]" = "iPhone Developer";
				COPY_PHASE_STRIP = NO;
				DEBUG_INFORMATION_FORMAT = "dwarf-with-dsym";
				ENABLE_STRICT_OBJC_MSGSEND = YES;
				GCC_C_LANGUAGE_STANDARD = gnu99;
				GCC_DYNAMIC_NO_PIC = NO;
				GCC_NO_COMMON_BLOCKS = YES;
				GCC_OPTIMIZATION_LEVEL = 0;
				GCC_PREPROCESSOR_DEFINITIONS = (
					"DEBUG=1",
					"$(inherited)",
				);
				GCC_SYMBOLS_PRIVATE_EXTERN = NO;
				GCC_WARN_64_TO_32_BIT_CONVERSION = YES;
				GCC_WARN_ABOUT_RETURN_TYPE = YES_ERROR;
				GCC_WARN_UNDECLARED_SELECTOR = YES;
				GCC_WARN_UNINITIALIZED_AUTOS = YES_AGGRESSIVE;
				GCC_WARN_UNUSED_FUNCTION = YES;
				GCC_WARN_UNUSED_VARIABLE = YES;
				IPHONEOS_DEPLOYMENT_TARGET = 8.3;
				MTL_ENABLE_DEBUG_INFO = YES;
				ONLY_ACTIVE_ARCH = YES;
				SDKROOT = iphoneos;
			};
			name = Debug;
		};
		EED8183D1B0DB694008F15FE /* Release */ = {
			isa = XCBuildConfiguration;
			buildSettings = {
				ALWAYS_SEARCH_USER_PATHS = NO;
				CLANG_CXX_LANGUAGE_STANDARD = "gnu++0x";
				CLANG_CXX_LIBRARY = "libc++";
				CLANG_ENABLE_MODULES = YES;
				CLANG_ENABLE_OBJC_ARC = YES;
				CLANG_WARN_BOOL_CONVERSION = YES;
				CLANG_WARN_CONSTANT_CONVERSION = YES;
				CLANG_WARN_DIRECT_OBJC_ISA_USAGE = YES_ERROR;
				CLANG_WARN_EMPTY_BODY = YES;
				CLANG_WARN_ENUM_CONVERSION = YES;
				CLANG_WARN_INT_CONVERSION = YES;
				CLANG_WARN_OBJC_ROOT_CLASS = YES_ERROR;
				CLANG_WARN_UNREACHABLE_CODE = YES;
				CLANG_WARN__DUPLICATE_METHOD_MATCH = YES;
				"CODE_SIGN_IDENTITY[sdk=iphoneos*]" = "iPhone Developer";
				COPY_PHASE_STRIP = NO;
				DEBUG_INFORMATION_FORMAT = "dwarf-with-dsym";
				ENABLE_NS_ASSERTIONS = NO;
				ENABLE_STRICT_OBJC_MSGSEND = YES;
				GCC_C_LANGUAGE_STANDARD = gnu99;
				GCC_NO_COMMON_BLOCKS = YES;
				GCC_WARN_64_TO_32_BIT_CONVERSION = YES;
				GCC_WARN_ABOUT_RETURN_TYPE = YES_ERROR;
				GCC_WARN_UNDECLARED_SELECTOR = YES;
				GCC_WARN_UNINITIALIZED_AUTOS = YES_AGGRESSIVE;
				GCC_WARN_UNUSED_FUNCTION = YES;
				GCC_WARN_UNUSED_VARIABLE = YES;
				IPHONEOS_DEPLOYMENT_TARGET = 8.3;
				MTL_ENABLE_DEBUG_INFO = NO;
				SDKROOT = iphoneos;
				VALIDATE_PRODUCT = YES;
			};
			name = Release;
		};
		EED8183F1B0DB694008F15FE /* Debug */ = {
			isa = XCBuildConfiguration;
			buildSettings = {
				ASSETCATALOG_COMPILER_APPICON_NAME = AppIcon;
				INFOPLIST_FILE = "Tic-Tac-Tow/Info.plist";
				LD_RUNPATH_SEARCH_PATHS = "$(inherited) @executable_path/Frameworks";
				PRODUCT_NAME = "$(TARGET_NAME)";
			};
			name = Debug;
		};
		EED818401B0DB694008F15FE /* Release */ = {
			isa = XCBuildConfiguration;
			buildSettings = {
				ASSETCATALOG_COMPILER_APPICON_NAME = AppIcon;
				INFOPLIST_FILE = "Tic-Tac-Tow/Info.plist";
				LD_RUNPATH_SEARCH_PATHS = "$(inherited) @executable_path/Frameworks";
				PRODUCT_NAME = "$(TARGET_NAME)";
			};
			name = Release;
		};
		EED818421B0DB694008F15FE /* Debug */ = {
			isa = XCBuildConfiguration;
			buildSettings = {
				BUNDLE_LOADER = "$(TEST_HOST)";
				FRAMEWORK_SEARCH_PATHS = (
					"$(SDKROOT)/Developer/Library/Frameworks",
					"$(inherited)",
				);
				GCC_PREPROCESSOR_DEFINITIONS = (
					"DEBUG=1",
					"$(inherited)",
				);
				INFOPLIST_FILE = "Tic-Tac-TowTests/Info.plist";
				LD_RUNPATH_SEARCH_PATHS = "$(inherited) @executable_path/Frameworks @loader_path/Frameworks";
				PRODUCT_NAME = "$(TARGET_NAME)";
				TEST_HOST = "$(BUILT_PRODUCTS_DIR)/Tic-Tac-Tow.app/Tic-Tac-Tow";
			};
			name = Debug;
		};
		EED818431B0DB694008F15FE /* Release */ = {
			isa = XCBuildConfiguration;
			buildSettings = {
				BUNDLE_LOADER = "$(TEST_HOST)";
				FRAMEWORK_SEARCH_PATHS = (
					"$(SDKROOT)/Developer/Library/Frameworks",
					"$(inherited)",
				);
				INFOPLIST_FILE = "Tic-Tac-TowTests/Info.plist";
				LD_RUNPATH_SEARCH_PATHS = "$(inherited) @executable_path/Frameworks @loader_path/Frameworks";
				PRODUCT_NAME = "$(TARGET_NAME)";
				TEST_HOST = "$(BUILT_PRODUCTS_DIR)/Tic-Tac-Tow.app/Tic-Tac-Tow";
			};
			name = Release;
		};
/* End XCBuildConfiguration section */

/* Begin XCConfigurationList section */
		EED818161B0DB694008F15FE /* Build configuration list for PBXProject "Tic-Tac-Tow" */ = {
			isa = XCConfigurationList;
			buildConfigurations = (
				EED8183C1B0DB694008F15FE /* Debug */,
				EED8183D1B0DB694008F15FE /* Release */,
			);
			defaultConfigurationIsVisible = 0;
			defaultConfigurationName = Release;
		};
		EED8183E1B0DB694008F15FE /* Build configuration list for PBXNativeTarget "Tic-Tac-Tow" */ = {
			isa = XCConfigurationList;
			buildConfigurations = (
				EED8183F1B0DB694008F15FE /* Debug */,
				EED818401B0DB694008F15FE /* Release */,
			);
			defaultConfigurationIsVisible = 0;
		};
		EED818411B0DB694008F15FE /* Build configuration list for PBXNativeTarget "Tic-Tac-TowTests" */ = {
			isa = XCConfigurationList;
			buildConfigurations = (
				EED818421B0DB694008F15FE /* Debug */,
				EED818431B0DB694008F15FE /* Release */,
			);
			defaultConfigurationIsVisible = 0;
		};
/* End XCConfigurationList section */
	};
	rootObject = EED818131B0DB694008F15FE /* Project object */;
}
